// !$*UTF8*$!
{
	archiveVersion = 1;
	classes = {
	};
	objectVersion = 50;
	objects = {

/* Begin PBXBuildFile section */
		F23CA3582187AC1B00B78874 /* AppDelegate.swift in Sources */ = {isa = PBXBuildFile; fileRef = F23CA3572187AC1B00B78874 /* AppDelegate.swift */; };
		F23CA35A2187AC1B00B78874 /* ViewController.swift in Sources */ = {isa = PBXBuildFile; fileRef = F23CA3592187AC1B00B78874 /* ViewController.swift */; };
		F23CA35D2187AC1B00B78874 /* Main.storyboard in Resources */ = {isa = PBXBuildFile; fileRef = F23CA35B2187AC1B00B78874 /* Main.storyboard */; };
		F23CA35F2187AC1C00B78874 /* Assets.xcassets in Resources */ = {isa = PBXBuildFile; fileRef = F23CA35E2187AC1C00B78874 /* Assets.xcassets */; };
		F23CA3622187AC1C00B78874 /* LaunchScreen.storyboard in Resources */ = {isa = PBXBuildFile; fileRef = F23CA3602187AC1C00B78874 /* LaunchScreen.storyboard */; };
		F23CA36D2187AC1C00B78874 /* obd1DirectoryTests.swift in Sources */ = {isa = PBXBuildFile; fileRef = F23CA36C2187AC1C00B78874 /* obd1DirectoryTests.swift */; };
		F23CA3782187AC1C00B78874 /* obd1DirectoryUITests.swift in Sources */ = {isa = PBXBuildFile; fileRef = F23CA3772187AC1C00B78874 /* obd1DirectoryUITests.swift */; };
/* End PBXBuildFile section */

/* Begin PBXContainerItemProxy section */
		F23CA3692187AC1C00B78874 /* PBXContainerItemProxy */ = {
			isa = PBXContainerItemProxy;
			containerPortal = F23CA34C2187AC1A00B78874 /* Project object */;
			proxyType = 1;
			remoteGlobalIDString = F23CA3532187AC1B00B78874;
			remoteInfo = obd1Directory;
		};
		F23CA3742187AC1C00B78874 /* PBXContainerItemProxy */ = {
			isa = PBXContainerItemProxy;
			containerPortal = F23CA34C2187AC1A00B78874 /* Project object */;
			proxyType = 1;
			remoteGlobalIDString = F23CA3532187AC1B00B78874;
			remoteInfo = obd1Directory;
		};
/* End PBXContainerItemProxy section */

/* Begin PBXFileReference section */
		F23CA3542187AC1B00B78874 /* obd1Directory.app */ = {isa = PBXFileReference; explicitFileType = wrapper.application; includeInIndex = 0; path = obd1Directory.app; sourceTree = BUILT_PRODUCTS_DIR; };
		F23CA3572187AC1B00B78874 /* AppDelegate.swift */ = {isa = PBXFileReference; lastKnownFileType = sourcecode.swift; path = AppDelegate.swift; sourceTree = "<group>"; };
		F23CA3592187AC1B00B78874 /* ViewController.swift */ = {isa = PBXFileReference; lastKnownFileType = sourcecode.swift; path = ViewController.swift; sourceTree = "<group>"; };
		F23CA35C2187AC1B00B78874 /* Base */ = {isa = PBXFileReference; lastKnownFileType = file.storyboard; name = Base; path = Base.lproj/Main.storyboard; sourceTree = "<group>"; };
		F23CA35E2187AC1C00B78874 /* Assets.xcassets */ = {isa = PBXFileReference; lastKnownFileType = folder.assetcatalog; path = Assets.xcassets; sourceTree = "<group>"; };
		F23CA3612187AC1C00B78874 /* Base */ = {isa = PBXFileReference; lastKnownFileType = file.storyboard; name = Base; path = Base.lproj/LaunchScreen.storyboard; sourceTree = "<group>"; };
		F23CA3632187AC1C00B78874 /* Info.plist */ = {isa = PBXFileReference; lastKnownFileType = text.plist.xml; path = Info.plist; sourceTree = "<group>"; };
		F23CA3682187AC1C00B78874 /* obd1DirectoryTests.xctest */ = {isa = PBXFileReference; explicitFileType = wrapper.cfbundle; includeInIndex = 0; path = obd1DirectoryTests.xctest; sourceTree = BUILT_PRODUCTS_DIR; };
		F23CA36C2187AC1C00B78874 /* obd1DirectoryTests.swift */ = {isa = PBXFileReference; lastKnownFileType = sourcecode.swift; path = obd1DirectoryTests.swift; sourceTree = "<group>"; };
		F23CA36E2187AC1C00B78874 /* Info.plist */ = {isa = PBXFileReference; lastKnownFileType = text.plist.xml; path = Info.plist; sourceTree = "<group>"; };
		F23CA3732187AC1C00B78874 /* obd1DirectoryUITests.xctest */ = {isa = PBXFileReference; explicitFileType = wrapper.cfbundle; includeInIndex = 0; path = obd1DirectoryUITests.xctest; sourceTree = BUILT_PRODUCTS_DIR; };
		F23CA3772187AC1C00B78874 /* obd1DirectoryUITests.swift */ = {isa = PBXFileReference; lastKnownFileType = sourcecode.swift; path = obd1DirectoryUITests.swift; sourceTree = "<group>"; };
		F23CA3792187AC1C00B78874 /* Info.plist */ = {isa = PBXFileReference; lastKnownFileType = text.plist.xml; path = Info.plist; sourceTree = "<group>"; };
/* End PBXFileReference section */

/* Begin PBXFrameworksBuildPhase section */
		F23CA3512187AC1B00B78874 /* Frameworks */ = {
			isa = PBXFrameworksBuildPhase;
			buildActionMask = 2147483647;
			files = (
			);
			runOnlyForDeploymentPostprocessing = 0;
		};
		F23CA3652187AC1C00B78874 /* Frameworks */ = {
			isa = PBXFrameworksBuildPhase;
			buildActionMask = 2147483647;
			files = (
			);
			runOnlyForDeploymentPostprocessing = 0;
		};
		F23CA3702187AC1C00B78874 /* Frameworks */ = {
			isa = PBXFrameworksBuildPhase;
			buildActionMask = 2147483647;
			files = (
			);
			runOnlyForDeploymentPostprocessing = 0;
		};
/* End PBXFrameworksBuildPhase section */

/* Begin PBXGroup section */
		F23CA34B2187AC1A00B78874 = {
			isa = PBXGroup;
			children = (
				F23CA3562187AC1B00B78874 /* obd1Directory */,
				F23CA36B2187AC1C00B78874 /* obd1DirectoryTests */,
				F23CA3762187AC1C00B78874 /* obd1DirectoryUITests */,
				F23CA3552187AC1B00B78874 /* Products */,
			);
			sourceTree = "<group>";
		};
		F23CA3552187AC1B00B78874 /* Products */ = {
			isa = PBXGroup;
			children = (
				F23CA3542187AC1B00B78874 /* obd1Directory.app */,
				F23CA3682187AC1C00B78874 /* obd1DirectoryTests.xctest */,
				F23CA3732187AC1C00B78874 /* obd1DirectoryUITests.xctest */,
			);
			name = Products;
			sourceTree = "<group>";
		};
		F23CA3562187AC1B00B78874 /* obd1Directory */ = {
			isa = PBXGroup;
			children = (
				F23CA3572187AC1B00B78874 /* AppDelegate.swift */,
				F23CA3592187AC1B00B78874 /* ViewController.swift */,
				F23CA35B2187AC1B00B78874 /* Main.storyboard */,
				F23CA35E2187AC1C00B78874 /* Assets.xcassets */,
				F23CA3602187AC1C00B78874 /* LaunchScreen.storyboard */,
				F23CA3632187AC1C00B78874 /* Info.plist */,
			);
			path = obd1Directory;
			sourceTree = "<group>";
		};
		F23CA36B2187AC1C00B78874 /* obd1DirectoryTests */ = {
			isa = PBXGroup;
			children = (
				F23CA36C2187AC1C00B78874 /* obd1DirectoryTests.swift */,
				F23CA36E2187AC1C00B78874 /* Info.plist */,
			);
			path = obd1DirectoryTests;
			sourceTree = "<group>";
		};
		F23CA3762187AC1C00B78874 /* obd1DirectoryUITests */ = {
			isa = PBXGroup;
			children = (
				F23CA3772187AC1C00B78874 /* obd1DirectoryUITests.swift */,
				F23CA3792187AC1C00B78874 /* Info.plist */,
			);
			path = obd1DirectoryUITests;
			sourceTree = "<group>";
		};
/* End PBXGroup section */

/* Begin PBXNativeTarget section */
		F23CA3532187AC1B00B78874 /* obd1Directory */ = {
			isa = PBXNativeTarget;
			buildConfigurationList = F23CA37C2187AC1C00B78874 /* Build configuration list for PBXNativeTarget "obd1Directory" */;
			buildPhases = (
				F23CA3502187AC1B00B78874 /* Sources */,
				F23CA3512187AC1B00B78874 /* Frameworks */,
				F23CA3522187AC1B00B78874 /* Resources */,
			);
			buildRules = (
			);
			dependencies = (
			);
			name = obd1Directory;
			productName = obd1Directory;
			productReference = F23CA3542187AC1B00B78874 /* obd1Directory.app */;
			productType = "com.apple.product-type.application";
		};
		F23CA3672187AC1C00B78874 /* obd1DirectoryTests */ = {
			isa = PBXNativeTarget;
			buildConfigurationList = F23CA37F2187AC1C00B78874 /* Build configuration list for PBXNativeTarget "obd1DirectoryTests" */;
			buildPhases = (
				F23CA3642187AC1C00B78874 /* Sources */,
				F23CA3652187AC1C00B78874 /* Frameworks */,
				F23CA3662187AC1C00B78874 /* Resources */,
			);
			buildRules = (
			);
			dependencies = (
				F23CA36A2187AC1C00B78874 /* PBXTargetDependency */,
			);
			name = obd1DirectoryTests;
			productName = obd1DirectoryTests;
			productReference = F23CA3682187AC1C00B78874 /* obd1DirectoryTests.xctest */;
			productType = "com.apple.product-type.bundle.unit-test";
		};
		F23CA3722187AC1C00B78874 /* obd1DirectoryUITests */ = {
			isa = PBXNativeTarget;
			buildConfigurationList = F23CA3822187AC1C00B78874 /* Build configuration list for PBXNativeTarget "obd1DirectoryUITests" */;
			buildPhases = (
				F23CA36F2187AC1C00B78874 /* Sources */,
				F23CA3702187AC1C00B78874 /* Frameworks */,
				F23CA3712187AC1C00B78874 /* Resources */,
			);
			buildRules = (
			);
			dependencies = (
				F23CA3752187AC1C00B78874 /* PBXTargetDependency */,
			);
			name = obd1DirectoryUITests;
			productName = obd1DirectoryUITests;
			productReference = F23CA3732187AC1C00B78874 /* obd1DirectoryUITests.xctest */;
			productType = "com.apple.product-type.bundle.ui-testing";
		};
/* End PBXNativeTarget section */

/* Begin PBXProject section */
		F23CA34C2187AC1A00B78874 /* Project object */ = {
			isa = PBXProject;
			attributes = {
				LastSwiftUpdateCheck = 0930;
				LastUpgradeCheck = 0930;
				ORGANIZATIONNAME = Harold;
				TargetAttributes = {
					F23CA3532187AC1B00B78874 = {
						CreatedOnToolsVersion = 9.3.1;
					};
					F23CA3672187AC1C00B78874 = {
						CreatedOnToolsVersion = 9.3.1;
						TestTargetID = F23CA3532187AC1B00B78874;
					};
					F23CA3722187AC1C00B78874 = {
						CreatedOnToolsVersion = 9.3.1;
						TestTargetID = F23CA3532187AC1B00B78874;
					};
				};
			};
			buildConfigurationList = F23CA34F2187AC1A00B78874 /* Build configuration list for PBXProject "obd1Directory" */;
			compatibilityVersion = "Xcode 9.3";
			developmentRegion = en;
			hasScannedForEncodings = 0;
			knownRegions = (
				en,
				Base,
			);
			mainGroup = F23CA34B2187AC1A00B78874;
			productRefGroup = F23CA3552187AC1B00B78874 /* Products */;
			projectDirPath = "";
			projectRoot = "";
			targets = (
				F23CA3532187AC1B00B78874 /* obd1Directory */,
				F23CA3672187AC1C00B78874 /* obd1DirectoryTests */,
				F23CA3722187AC1C00B78874 /* obd1DirectoryUITests */,
			);
		};
/* End PBXProject section */

/* Begin PBXResourcesBuildPhase section */
		F23CA3522187AC1B00B78874 /* Resources */ = {
			isa = PBXResourcesBuildPhase;
			buildActionMask = 2147483647;
			files = (
				F23CA3622187AC1C00B78874 /* LaunchScreen.storyboard in Resources */,
				F23CA35F2187AC1C00B78874 /* Assets.xcassets in Resources */,
				F23CA35D2187AC1B00B78874 /* Main.storyboard in Resources */,
			);
			runOnlyForDeploymentPostprocessing = 0;
		};
		F23CA3662187AC1C00B78874 /* Resources */ = {
			isa = PBXResourcesBuildPhase;
			buildActionMask = 2147483647;
			files = (
			);
			runOnlyForDeploymentPostprocessing = 0;
		};
		F23CA3712187AC1C00B78874 /* Resources */ = {
			isa = PBXResourcesBuildPhase;
			buildActionMask = 2147483647;
			files = (
			);
			runOnlyForDeploymentPostprocessing = 0;
		};
/* End PBXResourcesBuildPhase section */

/* Begin PBXSourcesBuildPhase section */
		F23CA3502187AC1B00B78874 /* Sources */ = {
			isa = PBXSourcesBuildPhase;
			buildActionMask = 2147483647;
			files = (
				F23CA35A2187AC1B00B78874 /* ViewController.swift in Sources */,
				F23CA3582187AC1B00B78874 /* AppDelegate.swift in Sources */,
			);
			runOnlyForDeploymentPostprocessing = 0;
		};
		F23CA3642187AC1C00B78874 /* Sources */ = {
			isa = PBXSourcesBuildPhase;
			buildActionMask = 2147483647;
			files = (
				F23CA36D2187AC1C00B78874 /* obd1DirectoryTests.swift in Sources */,
			);
			runOnlyForDeploymentPostprocessing = 0;
		};
		F23CA36F2187AC1C00B78874 /* Sources */ = {
			isa = PBXSourcesBuildPhase;
			buildActionMask = 2147483647;
			files = (
				F23CA3782187AC1C00B78874 /* obd1DirectoryUITests.swift in Sources */,
			);
			runOnlyForDeploymentPostprocessing = 0;
		};
/* End PBXSourcesBuildPhase section */

/* Begin PBXTargetDependency section */
		F23CA36A2187AC1C00B78874 /* PBXTargetDependency */ = {
			isa = PBXTargetDependency;
			target = F23CA3532187AC1B00B78874 /* obd1Directory */;
			targetProxy = F23CA3692187AC1C00B78874 /* PBXContainerItemProxy */;
		};
		F23CA3752187AC1C00B78874 /* PBXTargetDependency */ = {
			isa = PBXTargetDependency;
			target = F23CA3532187AC1B00B78874 /* obd1Directory */;
			targetProxy = F23CA3742187AC1C00B78874 /* PBXContainerItemProxy */;
		};
/* End PBXTargetDependency section */

/* Begin PBXVariantGroup section */
		F23CA35B2187AC1B00B78874 /* Main.storyboard */ = {
			isa = PBXVariantGroup;
			children = (
				F23CA35C2187AC1B00B78874 /* Base */,
			);
			name = Main.storyboard;
			sourceTree = "<group>";
		};
		F23CA3602187AC1C00B78874 /* LaunchScreen.storyboard */ = {
			isa = PBXVariantGroup;
			children = (
				F23CA3612187AC1C00B78874 /* Base */,
			);
			name = LaunchScreen.storyboard;
			sourceTree = "<group>";
		};
/* End PBXVariantGroup section */

/* Begin XCBuildConfiguration section */
		F23CA37A2187AC1C00B78874 /* Debug */ = {
			isa = XCBuildConfiguration;
			buildSettings = {
				ALWAYS_SEARCH_USER_PATHS = NO;
				CLANG_ANALYZER_NONNULL = YES;
				CLANG_ANALYZER_NUMBER_OBJECT_CONVERSION = YES_AGGRESSIVE;
				CLANG_CXX_LANGUAGE_STANDARD = "gnu++14";
				CLANG_CXX_LIBRARY = "libc++";
				CLANG_ENABLE_MODULES = YES;
				CLANG_ENABLE_OBJC_ARC = YES;
				CLANG_ENABLE_OBJC_WEAK = YES;
				CLANG_WARN_BLOCK_CAPTURE_AUTORELEASING = YES;
				CLANG_WARN_BOOL_CONVERSION = YES;
				CLANG_WARN_COMMA = YES;
				CLANG_WARN_CONSTANT_CONVERSION = YES;
				CLANG_WARN_DEPRECATED_OBJC_IMPLEMENTATIONS = YES;
				CLANG_WARN_DIRECT_OBJC_ISA_USAGE = YES_ERROR;
				CLANG_WARN_DOCUMENTATION_COMMENTS = YES;
				CLANG_WARN_EMPTY_BODY = YES;
				CLANG_WARN_ENUM_CONVERSION = YES;
				CLANG_WARN_INFINITE_RECURSION = YES;
				CLANG_WARN_INT_CONVERSION = YES;
				CLANG_WARN_NON_LITERAL_NULL_CONVERSION = YES;
				CLANG_WARN_OBJC_IMPLICIT_RETAIN_SELF = YES;
				CLANG_WARN_OBJC_LITERAL_CONVERSION = YES;
				CLANG_WARN_OBJC_ROOT_CLASS = YES_ERROR;
				CLANG_WARN_RANGE_LOOP_ANALYSIS = YES;
				CLANG_WARN_STRICT_PROTOTYPES = YES;
				CLANG_WARN_SUSPICIOUS_MOVE = YES;
				CLANG_WARN_UNGUARDED_AVAILABILITY = YES_AGGRESSIVE;
				CLANG_WARN_UNREACHABLE_CODE = YES;
				CLANG_WARN__DUPLICATE_METHOD_MATCH = YES;
				CODE_SIGN_IDENTITY = "iPhone Developer";
				COPY_PHASE_STRIP = NO;
				DEBUG_INFORMATION_FORMAT = dwarf;
				ENABLE_STRICT_OBJC_MSGSEND = YES;
				ENABLE_TESTABILITY = YES;
				GCC_C_LANGUAGE_STANDARD = gnu11;
				GCC_DYNAMIC_NO_PIC = NO;
				GCC_NO_COMMON_BLOCKS = YES;
				GCC_OPTIMIZATION_LEVEL = 0;
				GCC_PREPROCESSOR_DEFINITIONS = (
					"DEBUG=1",
					"$(inherited)",
				);
				GCC_WARN_64_TO_32_BIT_CONVERSION = YES;
				GCC_WARN_ABOUT_RETURN_TYPE = YES_ERROR;
				GCC_WARN_UNDECLARED_SELECTOR = YES;
				GCC_WARN_UNINITIALIZED_AUTOS = YES_AGGRESSIVE;
				GCC_WARN_UNUSED_FUNCTION = YES;
				GCC_WARN_UNUSED_VARIABLE = YES;
				IPHONEOS_DEPLOYMENT_TARGET = 11.3;
				MTL_ENABLE_DEBUG_INFO = YES;
				ONLY_ACTIVE_ARCH = YES;
				SDKROOT = iphoneos;
				SWIFT_ACTIVE_COMPILATION_CONDITIONS = DEBUG;
				SWIFT_OPTIMIZATION_LEVEL = "-Onone";
			};
			name = Debug;
		};
		F23CA37B2187AC1C00B78874 /* Release */ = {
			isa = XCBuildConfiguration;
			buildSettings = {
				ALWAYS_SEARCH_USER_PATHS = NO;
				CLANG_ANALYZER_NONNULL = YES;
				CLANG_ANALYZER_NUMBER_OBJECT_CONVERSION = YES_AGGRESSIVE;
				CLANG_CXX_LANGUAGE_STANDARD = "gnu++14";
				CLANG_CXX_LIBRARY = "libc++";
				CLANG_ENABLE_MODULES = YES;
				CLANG_ENABLE_OBJC_ARC = YES;
				CLANG_ENABLE_OBJC_WEAK = YES;
				CLANG_WARN_BLOCK_CAPTURE_AUTORELEASING = YES;
				CLANG_WARN_BOOL_CONVERSION = YES;
				CLANG_WARN_COMMA = YES;
				CLANG_WARN_CONSTANT_CONVERSION = YES;
				CLANG_WARN_DEPRECATED_OBJC_IMPLEMENTATIONS = YES;
				CLANG_WARN_DIRECT_OBJC_ISA_USAGE = YES_ERROR;
				CLANG_WARN_DOCUMENTATION_COMMENTS = YES;
				CLANG_WARN_EMPTY_BODY = YES;
				CLANG_WARN_ENUM_CONVERSION = YES;
				CLANG_WARN_INFINITE_RECURSION = YES;
				CLANG_WARN_INT_CONVERSION = YES;
				CLANG_WARN_NON_LITERAL_NULL_CONVERSION = YES;
				CLANG_WARN_OBJC_IMPLICIT_RETAIN_SELF = YES;
				CLANG_WARN_OBJC_LITERAL_CONVERSION = YES;
				CLANG_WARN_OBJC_ROOT_CLASS = YES_ERROR;
				CLANG_WARN_RANGE_LOOP_ANALYSIS = YES;
				CLANG_WARN_STRICT_PROTOTYPES = YES;
				CLANG_WARN_SUSPICIOUS_MOVE = YES;
				CLANG_WARN_UNGUARDED_AVAILABILITY = YES_AGGRESSIVE;
				CLANG_WARN_UNREACHABLE_CODE = YES;
				CLANG_WARN__DUPLICATE_METHOD_MATCH = YES;
				CODE_SIGN_IDENTITY = "iPhone Developer";
				COPY_PHASE_STRIP = NO;
				DEBUG_INFORMATION_FORMAT = "dwarf-with-dsym";
				ENABLE_NS_ASSERTIONS = NO;
				ENABLE_STRICT_OBJC_MSGSEND = YES;
				GCC_C_LANGUAGE_STANDARD = gnu11;
				GCC_NO_COMMON_BLOCKS = YES;
				GCC_WARN_64_TO_32_BIT_CONVERSION = YES;
				GCC_WARN_ABOUT_RETURN_TYPE = YES_ERROR;
				GCC_WARN_UNDECLARED_SELECTOR = YES;
				GCC_WARN_UNINITIALIZED_AUTOS = YES_AGGRESSIVE;
				GCC_WARN_UNUSED_FUNCTION = YES;
				GCC_WARN_UNUSED_VARIABLE = YES;
				IPHONEOS_DEPLOYMENT_TARGET = 11.3;
				MTL_ENABLE_DEBUG_INFO = NO;
				SDKROOT = iphoneos;
				SWIFT_COMPILATION_MODE = wholemodule;
				SWIFT_OPTIMIZATION_LEVEL = "-O";
				VALIDATE_PRODUCT = YES;
			};
			name = Release;
		};
		F23CA37D2187AC1C00B78874 /* Debug */ = {
			isa = XCBuildConfiguration;
			buildSettings = {
				ASSETCATALOG_COMPILER_APPICON_NAME = AppIcon;
				CODE_SIGN_STYLE = Automatic;
				INFOPLIST_FILE = obd1Directory/Info.plist;
				LD_RUNPATH_SEARCH_PATHS = (
					"$(inherited)",
					"@executable_path/Frameworks",
				);
				PRODUCT_BUNDLE_IDENTIFIER = Mixed.obd1Directory;
				PRODUCT_NAME = "$(TARGET_NAME)";
				SWIFT_VERSION = 4.0;
				TARGETED_DEVICE_FAMILY = "1,2";
			};
			name = Debug;
		};
		F23CA37E2187AC1C00B78874 /* Release */ = {
			isa = XCBuildConfiguration;
			buildSettings = {
				ASSETCATALOG_COMPILER_APPICON_NAME = AppIcon;
				CODE_SIGN_STYLE = Automatic;
				INFOPLIST_FILE = obd1Directory/Info.plist;
				LD_RUNPATH_SEARCH_PATHS = (
					"$(inherited)",
					"@executable_path/Frameworks",
				);
				PRODUCT_BUNDLE_IDENTIFIER = Mixed.obd1Directory;
				PRODUCT_NAME = "$(TARGET_NAME)";
				SWIFT_VERSION = 4.0;
				TARGETED_DEVICE_FAMILY = "1,2";
			};
			name = Release;
		};
		F23CA3802187AC1C00B78874 /* Debug */ = {
			isa = XCBuildConfiguration;
			buildSettings = {
				ALWAYS_EMBED_SWIFT_STANDARD_LIBRARIES = YES;
				BUNDLE_LOADER = "$(TEST_HOST)";
				CODE_SIGN_STYLE = Automatic;
				INFOPLIST_FILE = obd1DirectoryTests/Info.plist;
				LD_RUNPATH_SEARCH_PATHS = (
					"$(inherited)",
					"@executable_path/Frameworks",
					"@loader_path/Frameworks",
				);
				PRODUCT_BUNDLE_IDENTIFIER = Mixed.obd1DirectoryTests;
				PRODUCT_NAME = "$(TARGET_NAME)";
				SWIFT_VERSION = 4.0;
				TARGETED_DEVICE_FAMILY = "1,2";
				TEST_HOST = "$(BUILT_PRODUCTS_DIR)/obd1Directory.app/obd1Directory";
			};
			name = Debug;
		};
		F23CA3812187AC1C00B78874 /* Release */ = {
			isa = XCBuildConfiguration;
			buildSettings = {
				ALWAYS_EMBED_SWIFT_STANDARD_LIBRARIES = YES;
				BUNDLE_LOADER = "$(TEST_HOST)";
				CODE_SIGN_STYLE = Automatic;
				INFOPLIST_FILE = obd1DirectoryTests/Info.plist;
				LD_RUNPATH_SEARCH_PATHS = (
					"$(inherited)",
					"@executable_path/Frameworks",
					"@loader_path/Frameworks",
				);
				PRODUCT_BUNDLE_IDENTIFIER = Mixed.obd1DirectoryTests;
				PRODUCT_NAME = "$(TARGET_NAME)";
				SWIFT_VERSION = 4.0;
				TARGETED_DEVICE_FAMILY = "1,2";
				TEST_HOST = "$(BUILT_PRODUCTS_DIR)/obd1Directory.app/obd1Directory";
			};
			name = Release;
		};
		F23CA3832187AC1C00B78874 /* Debug */ = {
			isa = XCBuildConfiguration;
			buildSettings = {
				ALWAYS_EMBED_SWIFT_STANDARD_LIBRARIES = YES;
				CODE_SIGN_STYLE = Automatic;
				INFOPLIST_FILE = obd1DirectoryUITests/Info.plist;
				LD_RUNPATH_SEARCH_PATHS = (
					"$(inherited)",
					"@executable_path/Frameworks",
					"@loader_path/Frameworks",
				);
				PRODUCT_BUNDLE_IDENTIFIER = Mixed.obd1DirectoryUITests;
				PRODUCT_NAME = "$(TARGET_NAME)";
				SWIFT_VERSION = 4.0;
				TARGETED_DEVICE_FAMILY = "1,2";
				TEST_TARGET_NAME = obd1Directory;
			};
			name = Debug;
		};
		F23CA3842187AC1C00B78874 /* Release */ = {
			isa = XCBuildConfiguration;
			buildSettings = {
				ALWAYS_EMBED_SWIFT_STANDARD_LIBRARIES = YES;
				CODE_SIGN_STYLE = Automatic;
				INFOPLIST_FILE = obd1DirectoryUITests/Info.plist;
				LD_RUNPATH_SEARCH_PATHS = (
					"$(inherited)",
					"@executable_path/Frameworks",
					"@loader_path/Frameworks",
				);
				PRODUCT_BUNDLE_IDENTIFIER = Mixed.obd1DirectoryUITests;
				PRODUCT_NAME = "$(TARGET_NAME)";
				SWIFT_VERSION = 4.0;
				TARGETED_DEVICE_FAMILY = "1,2";
				TEST_TARGET_NAME = obd1Directory;
			};
			name = Release;
		};
/* End XCBuildConfiguration section */

/* Begin XCConfigurationList section */
		F23CA34F2187AC1A00B78874 /* Build configuration list for PBXProject "obd1Directory" */ = {
			isa = XCConfigurationList;
			buildConfigurations = (
				F23CA37A2187AC1C00B78874 /* Debug */,
				F23CA37B2187AC1C00B78874 /* Release */,
			);
			defaultConfigurationIsVisible = 0;
			defaultConfigurationName = Release;
		};
		F23CA37C2187AC1C00B78874 /* Build configuration list for PBXNativeTarget "obd1Directory" */ = {
			isa = XCConfigurationList;
			buildConfigurations = (
				F23CA37D2187AC1C00B78874 /* Debug */,
				F23CA37E2187AC1C00B78874 /* Release */,
			);
			defaultConfigurationIsVisible = 0;
			defaultConfigurationName = Release;
		};
		F23CA37F2187AC1C00B78874 /* Build configuration list for PBXNativeTarget "obd1DirectoryTests" */ = {
			isa = XCConfigurationList;
			buildConfigurations = (
				F23CA3802187AC1C00B78874 /* Debug */,
				F23CA3812187AC1C00B78874 /* Release */,
			);
			defaultConfigurationIsVisible = 0;
			defaultConfigurationName = Release;
		};
		F23CA3822187AC1C00B78874 /* Build configuration list for PBXNativeTarget "obd1DirectoryUITests" */ = {
			isa = XCConfigurationList;
			buildConfigurations = (
				F23CA3832187AC1C00B78874 /* Debug */,
				F23CA3842187AC1C00B78874 /* Release */,
			);
			defaultConfigurationIsVisible = 0;
			defaultConfigurationName = Release;
		};
/* End XCConfigurationList section */
	};
	rootObject = F23CA34C2187AC1A00B78874 /* Project object */;
}
